
Microsoft Visual Studio Solution File, Format Version 12.00
# Visual Studio Version 17
VisualStudioVersion = 17.1.32210.238
MinimumVisualStudioVersion = 10.0.40219.1
Project("{9A19103F-16F7-4668-BE54-9A1E7A4F7556}") = "HelloWorld", "HelloWorld\HelloWorld.csproj", "{E1F9A432-FE9A-4911-9185-5A8CE6E95B5B}"
EndProject
Project("{9A19103F-16F7-4668-BE54-9A1E7A4F7556}") = "Avg", "Avg\Avg.csproj", "{721E1880-3A77-4691-9DFE-7771D4B5D39C}"
EndProject
Project("{9A19103F-16F7-4668-BE54-9A1E7A4F7556}") = "AveragePlus", "AveragePlus\AveragePlus.csproj", "{E6317110-325E-4946-9CE0-DFD5E05EB468}"
EndProject
Project("{9A19103F-16F7-4668-BE54-9A1E7A4F7556}") = "MainLibrary", "library\MainLibrary.csproj", "{06D12648-CDE5-4C02-A31F-81ECF7A58F09}"
EndProject
Project("{9A19103F-16F7-4668-BE54-9A1E7A4F7556}") = "Calculator", "Calculator\Calculator.csproj", "{9C8F45F5-EB2B-400D-8965-1082DB874F45}"
EndProject
Project("{9A19103F-16F7-4668-BE54-9A1E7A4F7556}") = "StringExamples", "StringExamples\StringExamples.csproj", "{C34BF4D8-02B5-426F-A9AD-1233983DA995}"
EndProject
Project("{9A19103F-16F7-4668-BE54-9A1E7A4F7556}") = "ExtensionLibrary", "ExtensionLibrary\ExtensionLibrary.csproj", "{CB6276C0-2E45-4699-B42C-889E063B7DD5}"
EndProject
Project("{FAE04EC0-301F-11D3-BF4B-00C04F79EFBC}") = "RGB", "RGB\RGB.csproj", "{936B0FC2-FFA1-4BA1-A92E-6684A583E42D}"
EndProject
Project("{FAE04EC0-301F-11D3-BF4B-00C04F79EFBC}") = "SolarSystem", "SolarSystem\SolarSystem.csproj", "{3C505B8A-450B-49AC-BFB3-CBE26946E42D}"
EndProject
Project("{FAE04EC0-301F-11D3-BF4B-00C04F79EFBC}") = "DataStructures", "DataStructures\DataStructures.csproj", "{EC37B119-6479-49D8-BCE3-443415273789}"
EndProject
Project("{FAE04EC0-301F-11D3-BF4B-00C04F79EFBC}") = "DataStructTest", "DataStructTest\DataStructTest.csproj", "{AF84557D-7ECB-4BA5-96B2-5D7C34780AD0}"
EndProject
Project("{FAE04EC0-301F-11D3-BF4B-00C04F79EFBC}") = "AccessSchoolRegister", "AccessSchoolRegister\AccessSchoolRegister.csproj", "{F8034A07-9CAF-426C-B85C-5A1CD1000130}"
EndProject
Global
	GlobalSection(SolutionConfigurationPlatforms) = preSolution
		Debug|Any CPU = Debug|Any CPU
		Release|Any CPU = Release|Any CPU
	EndGlobalSection
	GlobalSection(ProjectConfigurationPlatforms) = postSolution
		{E1F9A432-FE9A-4911-9185-5A8CE6E95B5B}.Debug|Any CPU.ActiveCfg = Debug|Any CPU
		{E1F9A432-FE9A-4911-9185-5A8CE6E95B5B}.Debug|Any CPU.Build.0 = Debug|Any CPU
		{E1F9A432-FE9A-4911-9185-5A8CE6E95B5B}.Release|Any CPU.ActiveCfg = Release|Any CPU
		{E1F9A432-FE9A-4911-9185-5A8CE6E95B5B}.Release|Any CPU.Build.0 = Release|Any CPU
		{721E1880-3A77-4691-9DFE-7771D4B5D39C}.Debug|Any CPU.ActiveCfg = Debug|Any CPU
		{721E1880-3A77-4691-9DFE-7771D4B5D39C}.Debug|Any CPU.Build.0 = Debug|Any CPU
		{721E1880-3A77-4691-9DFE-7771D4B5D39C}.Release|Any CPU.ActiveCfg = Release|Any CPU
		{721E1880-3A77-4691-9DFE-7771D4B5D39C}.Release|Any CPU.Build.0 = Release|Any CPU
		{E6317110-325E-4946-9CE0-DFD5E05EB468}.Debug|Any CPU.ActiveCfg = Debug|Any CPU
		{E6317110-325E-4946-9CE0-DFD5E05EB468}.Debug|Any CPU.Build.0 = Debug|Any CPU
		{E6317110-325E-4946-9CE0-DFD5E05EB468}.Release|Any CPU.ActiveCfg = Release|Any CPU
		{E6317110-325E-4946-9CE0-DFD5E05EB468}.Release|Any CPU.Build.0 = Release|Any CPU
		{06D12648-CDE5-4C02-A31F-81ECF7A58F09}.Debug|Any CPU.ActiveCfg = Debug|Any CPU
		{06D12648-CDE5-4C02-A31F-81ECF7A58F09}.Debug|Any CPU.Build.0 = Debug|Any CPU
		{06D12648-CDE5-4C02-A31F-81ECF7A58F09}.Release|Any CPU.ActiveCfg = Release|Any CPU
		{06D12648-CDE5-4C02-A31F-81ECF7A58F09}.Release|Any CPU.Build.0 = Release|Any CPU
		{9C8F45F5-EB2B-400D-8965-1082DB874F45}.Debug|Any CPU.ActiveCfg = Debug|Any CPU
		{9C8F45F5-EB2B-400D-8965-1082DB874F45}.Debug|Any CPU.Build.0 = Debug|Any CPU
		{9C8F45F5-EB2B-400D-8965-1082DB874F45}.Release|Any CPU.ActiveCfg = Release|Any CPU
		{9C8F45F5-EB2B-400D-8965-1082DB874F45}.Release|Any CPU.Build.0 = Release|Any CPU
		{C34BF4D8-02B5-426F-A9AD-1233983DA995}.Debug|Any CPU.ActiveCfg = Debug|Any CPU
		{C34BF4D8-02B5-426F-A9AD-1233983DA995}.Debug|Any CPU.Build.0 = Debug|Any CPU
		{C34BF4D8-02B5-426F-A9AD-1233983DA995}.Release|Any CPU.ActiveCfg = Release|Any CPU
		{C34BF4D8-02B5-426F-A9AD-1233983DA995}.Release|Any CPU.Build.0 = Release|Any CPU
		{CB6276C0-2E45-4699-B42C-889E063B7DD5}.Debug|Any CPU.ActiveCfg = Debug|Any CPU
		{CB6276C0-2E45-4699-B42C-889E063B7DD5}.Debug|Any CPU.Build.0 = Debug|Any CPU
		{CB6276C0-2E45-4699-B42C-889E063B7DD5}.Release|Any CPU.ActiveCfg = Release|Any CPU
		{CB6276C0-2E45-4699-B42C-889E063B7DD5}.Release|Any CPU.Build.0 = Release|Any CPU
		{936B0FC2-FFA1-4BA1-A92E-6684A583E42D}.Debug|Any CPU.ActiveCfg = Debug|Any CPU
		{936B0FC2-FFA1-4BA1-A92E-6684A583E42D}.Debug|Any CPU.Build.0 = Debug|Any CPU
		{936B0FC2-FFA1-4BA1-A92E-6684A583E42D}.Release|Any CPU.ActiveCfg = Release|Any CPU
		{936B0FC2-FFA1-4BA1-A92E-6684A583E42D}.Release|Any CPU.Build.0 = Release|Any CPU
		{3C505B8A-450B-49AC-BFB3-CBE26946E42D}.Debug|Any CPU.ActiveCfg = Debug|Any CPU
		{3C505B8A-450B-49AC-BFB3-CBE26946E42D}.Debug|Any CPU.Build.0 = Debug|Any CPU
		{3C505B8A-450B-49AC-BFB3-CBE26946E42D}.Release|Any CPU.ActiveCfg = Release|Any CPU
		{3C505B8A-450B-49AC-BFB3-CBE26946E42D}.Release|Any CPU.Build.0 = Release|Any CPU
		{EC37B119-6479-49D8-BCE3-443415273789}.Debug|Any CPU.ActiveCfg = Debug|Any CPU
		{EC37B119-6479-49D8-BCE3-443415273789}.Debug|Any CPU.Build.0 = Debug|Any CPU
		{EC37B119-6479-49D8-BCE3-443415273789}.Release|Any CPU.ActiveCfg = Release|Any CPU
		{EC37B119-6479-49D8-BCE3-443415273789}.Release|Any CPU.Build.0 = Release|Any CPU
		{AF84557D-7ECB-4BA5-96B2-5D7C34780AD0}.Debug|Any CPU.ActiveCfg = Debug|Any CPU
		{AF84557D-7ECB-4BA5-96B2-5D7C34780AD0}.Debug|Any CPU.Build.0 = Debug|Any CPU
		{AF84557D-7ECB-4BA5-96B2-5D7C34780AD0}.Release|Any CPU.ActiveCfg = Release|Any CPU
		{AF84557D-7ECB-4BA5-96B2-5D7C34780AD0}.Release|Any CPU.Build.0 = Release|Any CPU
		{F8034A07-9CAF-426C-B85C-5A1CD1000130}.Debug|Any CPU.ActiveCfg = Debug|Any CPU
		{F8034A07-9CAF-426C-B85C-5A1CD1000130}.Debug|Any CPU.Build.0 = Debug|Any CPU
		{F8034A07-9CAF-426C-B85C-5A1CD1000130}.Release|Any CPU.ActiveCfg = Release|Any CPU
		{F8034A07-9CAF-426C-B85C-5A1CD1000130}.Release|Any CPU.Build.0 = Release|Any CPU
	EndGlobalSection
	GlobalSection(SolutionProperties) = preSolution
		HideSolutionNode = FALSE
	EndGlobalSection
	GlobalSection(ExtensibilityGlobals) = postSolution
		SolutionGuid = {65C86BF8-0679-41FC-8BF4-5D9B39D24F26}
	EndGlobalSection
EndGlobal
