
Microsoft Visual Studio Solution File, Format Version 12.00
# Visual Studio Version 17
VisualStudioVersion = 17.1.32210.238
MinimumVisualStudioVersion = 10.0.40219.1
Project("{9A19103F-16F7-4668-BE54-9A1E7A4F7556}") = "HelloWorld", "HelloWorld\HelloWorld.csproj", "{E1F9A432-FE9A-4911-9185-5A8CE6E95B5B}"
EndProject
Project("{9A19103F-16F7-4668-BE54-9A1E7A4F7556}") = "Avg", "Avg\Avg.csproj", "{721E1880-3A77-4691-9DFE-7771D4B5D39C}"
EndProject
Project("{9A19103F-16F7-4668-BE54-9A1E7A4F7556}") = "AveragePlus", "AveragePlus\AveragePlus.csproj", "{E6317110-325E-4946-9CE0-DFD5E05EB468}"
EndProject
Project("{9A19103F-16F7-4668-BE54-9A1E7A4F7556}") = "MainLibrary", "MainLibrary\MainLibrary.csproj", "{06D12648-CDE5-4C02-A31F-81ECF7A58F09}"
EndProject
Project("{9A19103F-16F7-4668-BE54-9A1E7A4F7556}") = "Calculator", "Calculator\Calculator.csproj", "{9C8F45F5-EB2B-400D-8965-1082DB874F45}"
EndProject
Project("{9A19103F-16F7-4668-BE54-9A1E7A4F7556}") = "StringExamples", "StringExamples\StringExamples.csproj", "{C34BF4D8-02B5-426F-A9AD-1233983DA995}"
EndProject
Project("{9A19103F-16F7-4668-BE54-9A1E7A4F7556}") = "ExtensionLibrary", "ExtensionLibrary\ExtensionLibrary.csproj", "{CB6276C0-2E45-4699-B42C-889E063B7DD5}"
EndProject
Project("{9A19103F-16F7-4668-BE54-9A1E7A4F7556}") = "RGB", "RGB\RGB.csproj", "{936B0FC2-FFA1-4BA1-A92E-6684A583E42D}"
EndProject
Project("{9A19103F-16F7-4668-BE54-9A1E7A4F7556}") = "SolarSystem", "SolarSystem\SolarSystem.csproj", "{3C505B8A-450B-49AC-BFB3-CBE26946E42D}"
EndProject
Project("{9A19103F-16F7-4668-BE54-9A1E7A4F7556}") = "DataStructures", "DataStructures\DataStructures.csproj", "{EC37B119-6479-49D8-BCE3-443415273789}"
EndProject
Project("{9A19103F-16F7-4668-BE54-9A1E7A4F7556}") = "DataStructTest", "DataStructTest\DataStructTest.csproj", "{AF84557D-7ECB-4BA5-96B2-5D7C34780AD0}"
EndProject
Project("{9A19103F-16F7-4668-BE54-9A1E7A4F7556}") = "AccessSchoolRegister", "AccessSchoolRegister\AccessSchoolRegister.csproj", "{F8034A07-9CAF-426C-B85C-5A1CD1000130}"
EndProject
Project("{9A19103F-16F7-4668-BE54-9A1E7A4F7556}") = "MathLibrary", "MathLibrary\MathLibrary.csproj", "{296B8942-A017-4F7F-B1EC-B7573F6656D5}"
EndProject
Project("{9A19103F-16F7-4668-BE54-9A1E7A4F7556}") = "MathLibrary.Test", "MathLibrary.Test\MathLibrary.Test.csproj", "{BFC0F685-4095-45B3-AB1B-FB7756E9A382}"
EndProject
Project("{9A19103F-16F7-4668-BE54-9A1E7A4F7556}") = "ComputeWithComplexNumbers", "ComputeWithComplexNumbers\ComputeWithComplexNumbers.csproj", "{FEF970BE-127E-4E2F-9610-82D20D6E857A}"
EndProject
Project("{9A19103F-16F7-4668-BE54-9A1E7A4F7556}") = "ProductInventory", "ProductInventory\ProductInventory.csproj", "{863CB797-53FC-4367-BC64-FABC928C155C}"
EndProject
Project("{9A19103F-16F7-4668-BE54-9A1E7A4F7556}") = "GiveMeStackOverflow", "GiveMeStackOverflow\GiveMeStackOverflow.csproj", "{EF716993-C104-4778-BEB1-5C789F6AD907}"
EndProject
Project("{9A19103F-16F7-4668-BE54-9A1E7A4F7556}") = "Restaurant.BaseLibrary", "RestaurantBaseLibrary\Restaurant.BaseLibrary.csproj", "{2800E729-D74E-4553-98C3-C15877996082}"
EndProject
Project("{9A19103F-16F7-4668-BE54-9A1E7A4F7556}") = "Restaurant.CLI", "RestaurantCLI\Restaurant.CLI.csproj", "{B988718F-4C94-4636-AC60-F0035FA08286}"
EndProject
Project("{9A19103F-16F7-4668-BE54-9A1E7A4F7556}") = "Restaurant.Test", "Restaurant.Test\Restaurant.Test.csproj", "{08D7FFFD-4DC4-42CA-AC7E-4F668B9EBB5A}"
EndProject
Project("{9A19103F-16F7-4668-BE54-9A1E7A4F7556}") = "Multithreaded", "Multithreaded\Multithreaded.csproj", "{7FB9FB2C-6706-40CE-ACD3-5873F5DF9AC7}"
EndProject
Project("{9A19103F-16F7-4668-BE54-9A1E7A4F7556}") = "PizzaRestaurant.Client", "PizzaRestaurant.Client\PizzaRestaurant.Client.csproj", "{7F07C961-4EE8-471E-B56C-F63C785269FA}"
EndProject
Project("{9A19103F-16F7-4668-BE54-9A1E7A4F7556}") = "Ticketing", "Ticketing\Ticketing.csproj", "{1E2864C4-31E2-4BC1-8BFF-55549EF734BA}"
EndProject
Project("{9A19103F-16F7-4668-BE54-9A1E7A4F7556}") = "EasyConsoleFramework", "EasyConsoleFramework\EasyConsoleFramework.csproj", "{4ABA2CEF-8090-4DFD-8546-96EDC109D7DD}"
EndProject
Project("{9A19103F-16F7-4668-BE54-9A1E7A4F7556}") = "EasyConsoleFramework.Demo", "EasyConsoleFramework.Demo\EasyConsoleFramework.Demo.csproj", "{96F7CB2C-7F90-4125-8698-2CDB5527FB74}"
EndProject
Project("{9A19103F-16F7-4668-BE54-9A1E7A4F7556}") = "TicketingDisconnected", "TicketingDisconnected\TicketingDisconnected.csproj", "{27234190-4456-4D6E-9D15-23AA4BF0938B}"
EndProject
Project("{9A19103F-16F7-4668-BE54-9A1E7A4F7556}") = "TicketingEFCore", "TicketingEFCore\TicketingEFCore.csproj", "{36D82B82-BE48-47B4-AEED-93C6352E6118}"
EndProject
Project("{9A19103F-16F7-4668-BE54-9A1E7A4F7556}") = "ConnectionStringChecker", "ConnectionStringChecker\ConnectionStringChecker.csproj", "{3D7201F4-D9F3-4CD6-9F80-0DEF4DCA0975}"
EndProject
Project("{FAE04EC0-301F-11D3-BF4B-00C04F79EFBC}") = "HelloWCF", "HelloWCF\HelloWCF.csproj", "{D0CC9332-E855-4C5B-9B7D-950DEC1C2195}"
EndProject
Project("{9A19103F-16F7-4668-BE54-9A1E7A4F7556}") = "Employees.ClientCLI", "Employees\Employees.ClientCLI\Employees.ClientCLI.csproj", "{BC83DA97-4D95-433E-B5BA-91520C41295D}"
EndProject
Project("{2150E333-8FDC-42A3-9474-1A3956D46DE8}") = "Employees", "Employees", "{56735CAF-8BFA-4742-A3BF-7B14EE63244E}"
EndProject
Project("{9A19103F-16F7-4668-BE54-9A1E7A4F7556}") = "Employees.Core", "Employees\Employees.Core\Employees.Core.csproj", "{E038A5F6-922F-4E99-984C-6A6BF1E85814}"
EndProject
Project("{9A19103F-16F7-4668-BE54-9A1E7A4F7556}") = "Employees.Core.ADONET", "Employees\Employees.Core.ADONET\Employees.Core.ADONET.csproj", "{E3063C7E-27B6-40B5-AD1F-DAF5D12E7604}"
EndProject
Project("{9A19103F-16F7-4668-BE54-9A1E7A4F7556}") = "Employees.Core.EF", "Employees\Employees.Core.EF\Employees.Core.EF.csproj", "{308A0C7B-B63D-44A5-9EFB-7E2D194D1AE5}"
EndProject
Project("{9A19103F-16F7-4668-BE54-9A1E7A4F7556}") = "Employees_DecoratorDP", "Employees_DecoratorDP\Employees_DecoratorDP.csproj", "{694E2224-7624-4076-9915-2F4C4A2680F9}"
EndProject
Project("{FAE04EC0-301F-11D3-BF4B-00C04F79EFBC}") = "Employees.ServiceWCF", "Employees\Employees.ServiceWCF\Employees.ServiceWCF.csproj", "{C5F3D7DF-39B5-405C-8F0C-AF3608A2CFC0}"
EndProject
Project("{FAE04EC0-301F-11D3-BF4B-00C04F79EFBC}") = "Employees.SelfHosting", "Employees\Employees.SelfHosting\Employees.SelfHosting.csproj", "{E5C9A785-DD45-42DF-91EF-9E062503B83F}"
EndProject
Project("{2150E333-8FDC-42A3-9474-1A3956D46DE8}") = "Library", "Library", "{7FAF6FC9-6A3D-4574-AED8-0C46C909B5DB}"
EndProject
Project("{9A19103F-16F7-4668-BE54-9A1E7A4F7556}") = "Library.Core", "Library\Library.Core\Library.Core.csproj", "{1573C6E2-547E-423F-9568-AD1B5ADDFA04}"
EndProject
Project("{9A19103F-16F7-4668-BE54-9A1E7A4F7556}") = "Library.Core.EFCore", "Library\Library.Core.EFCore\Library.Core.EFCore.csproj", "{977BB133-9DD6-4D2A-9201-A355FD7F881A}"
EndProject
Project("{FAE04EC0-301F-11D3-BF4B-00C04F79EFBC}") = "Library.WCF.ServiceLibrary", "Library\Library.WCF.ServiceLibrary\Library.WCF.ServiceLibrary.csproj", "{67761240-C0C0-423A-BEE3-36F482EA6010}"
EndProject
Project("{FAE04EC0-301F-11D3-BF4B-00C04F79EFBC}") = "Library.OldConsoleClient", "Library\Library.OldConsoleClient\Library.OldConsoleClient.csproj", "{79CA97EC-4734-4329-9760-730033165FE9}"
EndProject
Project("{9A19103F-16F7-4668-BE54-9A1E7A4F7556}") = "Library.ConsoleClient", "Library\Library.ConsoleClient\Library.ConsoleClient.csproj", "{C84500CD-253C-4AEE-BEB4-A99AFF3C7EBE}"
EndProject
Project("{FAE04EC0-301F-11D3-BF4B-00C04F79EFBC}") = "Library.SelfHostingConsoleClient", "Library\Library.SelfHostingConsoleClient\Library.SelfHostingConsoleClient.csproj", "{2A46C903-015C-4FF9-AAC2-F90620371F69}"
EndProject
Project("{9A19103F-16F7-4668-BE54-9A1E7A4F7556}") = "Employees.WebAPI", "Employees\Employees.WebAPI\Employees.WebAPI.csproj", "{DE2F65CC-94F7-4C12-9709-7693D3CDA7E8}"
EndProject
Project("{9A19103F-16F7-4668-BE54-9A1E7A4F7556}") = "Library.WebAPI", "Library\Library.WebAPI\Library.WebAPI.csproj", "{8BEEDE9D-C112-48E2-8A2C-764E8BD0953D}"
EndProject
Project("{9A19103F-16F7-4668-BE54-9A1E7A4F7556}") = "Employees.WebAPI.ConsoleClient", "Library\Employees.WebAPI.ConsoleClient\Employees.WebAPI.ConsoleClient.csproj", "{097784B5-C75B-45BE-8595-53C2F425FB70}"
EndProject
Project("{9A19103F-16F7-4668-BE54-9A1E7A4F7556}") = "Library.WebAPI.ConsoleClient", "Library\Library.WebAPI.ConsoleClient\Library.WebAPI.ConsoleClient.csproj", "{6AFE9C7C-BE08-4482-8248-A914B919255F}"
EndProject
Project("{9A19103F-16F7-4668-BE54-9A1E7A4F7556}") = "Library.MVC", "Library\Library.MVC\Library.MVC.csproj", "{DE4E89DF-DC37-4E25-AB02-FD824D5CC2BA}"
EndProject
Project("{FAE04EC0-301F-11D3-BF4B-00C04F79EFBC}") = "Library.MockData", "Library\Library.MockData\Library.MockData.csproj", "{62D5016D-CBAC-4143-9A98-427ABE4C9A97}"
EndProject
Global
	GlobalSection(SolutionConfigurationPlatforms) = preSolution
		Debug|Any CPU = Debug|Any CPU
		Release|Any CPU = Release|Any CPU
	EndGlobalSection
	GlobalSection(ProjectConfigurationPlatforms) = postSolution
		{E1F9A432-FE9A-4911-9185-5A8CE6E95B5B}.Debug|Any CPU.ActiveCfg = Debug|Any CPU
		{E1F9A432-FE9A-4911-9185-5A8CE6E95B5B}.Debug|Any CPU.Build.0 = Debug|Any CPU
		{E1F9A432-FE9A-4911-9185-5A8CE6E95B5B}.Release|Any CPU.ActiveCfg = Release|Any CPU
		{E1F9A432-FE9A-4911-9185-5A8CE6E95B5B}.Release|Any CPU.Build.0 = Release|Any CPU
		{721E1880-3A77-4691-9DFE-7771D4B5D39C}.Debug|Any CPU.ActiveCfg = Debug|Any CPU
		{721E1880-3A77-4691-9DFE-7771D4B5D39C}.Debug|Any CPU.Build.0 = Debug|Any CPU
		{721E1880-3A77-4691-9DFE-7771D4B5D39C}.Release|Any CPU.ActiveCfg = Release|Any CPU
		{721E1880-3A77-4691-9DFE-7771D4B5D39C}.Release|Any CPU.Build.0 = Release|Any CPU
		{E6317110-325E-4946-9CE0-DFD5E05EB468}.Debug|Any CPU.ActiveCfg = Debug|Any CPU
		{E6317110-325E-4946-9CE0-DFD5E05EB468}.Debug|Any CPU.Build.0 = Debug|Any CPU
		{E6317110-325E-4946-9CE0-DFD5E05EB468}.Release|Any CPU.ActiveCfg = Release|Any CPU
		{E6317110-325E-4946-9CE0-DFD5E05EB468}.Release|Any CPU.Build.0 = Release|Any CPU
		{06D12648-CDE5-4C02-A31F-81ECF7A58F09}.Debug|Any CPU.ActiveCfg = Debug|Any CPU
		{06D12648-CDE5-4C02-A31F-81ECF7A58F09}.Debug|Any CPU.Build.0 = Debug|Any CPU
		{06D12648-CDE5-4C02-A31F-81ECF7A58F09}.Release|Any CPU.ActiveCfg = Release|Any CPU
		{06D12648-CDE5-4C02-A31F-81ECF7A58F09}.Release|Any CPU.Build.0 = Release|Any CPU
		{9C8F45F5-EB2B-400D-8965-1082DB874F45}.Debug|Any CPU.ActiveCfg = Debug|Any CPU
		{9C8F45F5-EB2B-400D-8965-1082DB874F45}.Debug|Any CPU.Build.0 = Debug|Any CPU
		{9C8F45F5-EB2B-400D-8965-1082DB874F45}.Release|Any CPU.ActiveCfg = Release|Any CPU
		{9C8F45F5-EB2B-400D-8965-1082DB874F45}.Release|Any CPU.Build.0 = Release|Any CPU
		{C34BF4D8-02B5-426F-A9AD-1233983DA995}.Debug|Any CPU.ActiveCfg = Debug|Any CPU
		{C34BF4D8-02B5-426F-A9AD-1233983DA995}.Debug|Any CPU.Build.0 = Debug|Any CPU
		{C34BF4D8-02B5-426F-A9AD-1233983DA995}.Release|Any CPU.ActiveCfg = Release|Any CPU
		{C34BF4D8-02B5-426F-A9AD-1233983DA995}.Release|Any CPU.Build.0 = Release|Any CPU
		{CB6276C0-2E45-4699-B42C-889E063B7DD5}.Debug|Any CPU.ActiveCfg = Debug|Any CPU
		{CB6276C0-2E45-4699-B42C-889E063B7DD5}.Debug|Any CPU.Build.0 = Debug|Any CPU
		{CB6276C0-2E45-4699-B42C-889E063B7DD5}.Release|Any CPU.ActiveCfg = Release|Any CPU
		{CB6276C0-2E45-4699-B42C-889E063B7DD5}.Release|Any CPU.Build.0 = Release|Any CPU
		{936B0FC2-FFA1-4BA1-A92E-6684A583E42D}.Debug|Any CPU.ActiveCfg = Debug|Any CPU
		{936B0FC2-FFA1-4BA1-A92E-6684A583E42D}.Debug|Any CPU.Build.0 = Debug|Any CPU
		{936B0FC2-FFA1-4BA1-A92E-6684A583E42D}.Release|Any CPU.ActiveCfg = Release|Any CPU
		{936B0FC2-FFA1-4BA1-A92E-6684A583E42D}.Release|Any CPU.Build.0 = Release|Any CPU
		{3C505B8A-450B-49AC-BFB3-CBE26946E42D}.Debug|Any CPU.ActiveCfg = Debug|Any CPU
		{3C505B8A-450B-49AC-BFB3-CBE26946E42D}.Debug|Any CPU.Build.0 = Debug|Any CPU
		{3C505B8A-450B-49AC-BFB3-CBE26946E42D}.Release|Any CPU.ActiveCfg = Release|Any CPU
		{3C505B8A-450B-49AC-BFB3-CBE26946E42D}.Release|Any CPU.Build.0 = Release|Any CPU
		{EC37B119-6479-49D8-BCE3-443415273789}.Debug|Any CPU.ActiveCfg = Debug|Any CPU
		{EC37B119-6479-49D8-BCE3-443415273789}.Debug|Any CPU.Build.0 = Debug|Any CPU
		{EC37B119-6479-49D8-BCE3-443415273789}.Release|Any CPU.ActiveCfg = Release|Any CPU
		{EC37B119-6479-49D8-BCE3-443415273789}.Release|Any CPU.Build.0 = Release|Any CPU
		{AF84557D-7ECB-4BA5-96B2-5D7C34780AD0}.Debug|Any CPU.ActiveCfg = Debug|Any CPU
		{AF84557D-7ECB-4BA5-96B2-5D7C34780AD0}.Debug|Any CPU.Build.0 = Debug|Any CPU
		{AF84557D-7ECB-4BA5-96B2-5D7C34780AD0}.Release|Any CPU.ActiveCfg = Release|Any CPU
		{AF84557D-7ECB-4BA5-96B2-5D7C34780AD0}.Release|Any CPU.Build.0 = Release|Any CPU
		{F8034A07-9CAF-426C-B85C-5A1CD1000130}.Debug|Any CPU.ActiveCfg = Debug|Any CPU
		{F8034A07-9CAF-426C-B85C-5A1CD1000130}.Debug|Any CPU.Build.0 = Debug|Any CPU
		{F8034A07-9CAF-426C-B85C-5A1CD1000130}.Release|Any CPU.ActiveCfg = Release|Any CPU
		{F8034A07-9CAF-426C-B85C-5A1CD1000130}.Release|Any CPU.Build.0 = Release|Any CPU
		{296B8942-A017-4F7F-B1EC-B7573F6656D5}.Debug|Any CPU.ActiveCfg = Debug|Any CPU
		{296B8942-A017-4F7F-B1EC-B7573F6656D5}.Debug|Any CPU.Build.0 = Debug|Any CPU
		{296B8942-A017-4F7F-B1EC-B7573F6656D5}.Release|Any CPU.ActiveCfg = Release|Any CPU
		{296B8942-A017-4F7F-B1EC-B7573F6656D5}.Release|Any CPU.Build.0 = Release|Any CPU
		{BFC0F685-4095-45B3-AB1B-FB7756E9A382}.Debug|Any CPU.ActiveCfg = Debug|Any CPU
		{BFC0F685-4095-45B3-AB1B-FB7756E9A382}.Debug|Any CPU.Build.0 = Debug|Any CPU
		{BFC0F685-4095-45B3-AB1B-FB7756E9A382}.Release|Any CPU.ActiveCfg = Release|Any CPU
		{BFC0F685-4095-45B3-AB1B-FB7756E9A382}.Release|Any CPU.Build.0 = Release|Any CPU
		{FEF970BE-127E-4E2F-9610-82D20D6E857A}.Debug|Any CPU.ActiveCfg = Debug|Any CPU
		{FEF970BE-127E-4E2F-9610-82D20D6E857A}.Debug|Any CPU.Build.0 = Debug|Any CPU
		{FEF970BE-127E-4E2F-9610-82D20D6E857A}.Release|Any CPU.ActiveCfg = Release|Any CPU
		{FEF970BE-127E-4E2F-9610-82D20D6E857A}.Release|Any CPU.Build.0 = Release|Any CPU
		{863CB797-53FC-4367-BC64-FABC928C155C}.Debug|Any CPU.ActiveCfg = Debug|Any CPU
		{863CB797-53FC-4367-BC64-FABC928C155C}.Debug|Any CPU.Build.0 = Debug|Any CPU
		{863CB797-53FC-4367-BC64-FABC928C155C}.Release|Any CPU.ActiveCfg = Release|Any CPU
		{863CB797-53FC-4367-BC64-FABC928C155C}.Release|Any CPU.Build.0 = Release|Any CPU
		{EF716993-C104-4778-BEB1-5C789F6AD907}.Debug|Any CPU.ActiveCfg = Debug|Any CPU
		{EF716993-C104-4778-BEB1-5C789F6AD907}.Debug|Any CPU.Build.0 = Debug|Any CPU
		{EF716993-C104-4778-BEB1-5C789F6AD907}.Release|Any CPU.ActiveCfg = Release|Any CPU
		{EF716993-C104-4778-BEB1-5C789F6AD907}.Release|Any CPU.Build.0 = Release|Any CPU
		{2800E729-D74E-4553-98C3-C15877996082}.Debug|Any CPU.ActiveCfg = Debug|Any CPU
		{2800E729-D74E-4553-98C3-C15877996082}.Debug|Any CPU.Build.0 = Debug|Any CPU
		{2800E729-D74E-4553-98C3-C15877996082}.Release|Any CPU.ActiveCfg = Release|Any CPU
		{2800E729-D74E-4553-98C3-C15877996082}.Release|Any CPU.Build.0 = Release|Any CPU
		{B988718F-4C94-4636-AC60-F0035FA08286}.Debug|Any CPU.ActiveCfg = Debug|Any CPU
		{B988718F-4C94-4636-AC60-F0035FA08286}.Debug|Any CPU.Build.0 = Debug|Any CPU
		{B988718F-4C94-4636-AC60-F0035FA08286}.Release|Any CPU.ActiveCfg = Release|Any CPU
		{B988718F-4C94-4636-AC60-F0035FA08286}.Release|Any CPU.Build.0 = Release|Any CPU
		{08D7FFFD-4DC4-42CA-AC7E-4F668B9EBB5A}.Debug|Any CPU.ActiveCfg = Debug|Any CPU
		{08D7FFFD-4DC4-42CA-AC7E-4F668B9EBB5A}.Debug|Any CPU.Build.0 = Debug|Any CPU
		{08D7FFFD-4DC4-42CA-AC7E-4F668B9EBB5A}.Release|Any CPU.ActiveCfg = Release|Any CPU
		{08D7FFFD-4DC4-42CA-AC7E-4F668B9EBB5A}.Release|Any CPU.Build.0 = Release|Any CPU
		{7FB9FB2C-6706-40CE-ACD3-5873F5DF9AC7}.Debug|Any CPU.ActiveCfg = Debug|Any CPU
		{7FB9FB2C-6706-40CE-ACD3-5873F5DF9AC7}.Debug|Any CPU.Build.0 = Debug|Any CPU
		{7FB9FB2C-6706-40CE-ACD3-5873F5DF9AC7}.Release|Any CPU.ActiveCfg = Release|Any CPU
		{7FB9FB2C-6706-40CE-ACD3-5873F5DF9AC7}.Release|Any CPU.Build.0 = Release|Any CPU
		{7F07C961-4EE8-471E-B56C-F63C785269FA}.Debug|Any CPU.ActiveCfg = Debug|Any CPU
		{7F07C961-4EE8-471E-B56C-F63C785269FA}.Debug|Any CPU.Build.0 = Debug|Any CPU
		{7F07C961-4EE8-471E-B56C-F63C785269FA}.Release|Any CPU.ActiveCfg = Release|Any CPU
		{7F07C961-4EE8-471E-B56C-F63C785269FA}.Release|Any CPU.Build.0 = Release|Any CPU
		{1E2864C4-31E2-4BC1-8BFF-55549EF734BA}.Debug|Any CPU.ActiveCfg = Debug|Any CPU
		{1E2864C4-31E2-4BC1-8BFF-55549EF734BA}.Debug|Any CPU.Build.0 = Debug|Any CPU
		{1E2864C4-31E2-4BC1-8BFF-55549EF734BA}.Release|Any CPU.ActiveCfg = Release|Any CPU
		{1E2864C4-31E2-4BC1-8BFF-55549EF734BA}.Release|Any CPU.Build.0 = Release|Any CPU
		{4ABA2CEF-8090-4DFD-8546-96EDC109D7DD}.Debug|Any CPU.ActiveCfg = Debug|Any CPU
		{4ABA2CEF-8090-4DFD-8546-96EDC109D7DD}.Debug|Any CPU.Build.0 = Debug|Any CPU
		{4ABA2CEF-8090-4DFD-8546-96EDC109D7DD}.Release|Any CPU.ActiveCfg = Release|Any CPU
		{4ABA2CEF-8090-4DFD-8546-96EDC109D7DD}.Release|Any CPU.Build.0 = Release|Any CPU
		{96F7CB2C-7F90-4125-8698-2CDB5527FB74}.Debug|Any CPU.ActiveCfg = Debug|Any CPU
		{96F7CB2C-7F90-4125-8698-2CDB5527FB74}.Debug|Any CPU.Build.0 = Debug|Any CPU
		{96F7CB2C-7F90-4125-8698-2CDB5527FB74}.Release|Any CPU.ActiveCfg = Release|Any CPU
		{96F7CB2C-7F90-4125-8698-2CDB5527FB74}.Release|Any CPU.Build.0 = Release|Any CPU
		{27234190-4456-4D6E-9D15-23AA4BF0938B}.Debug|Any CPU.ActiveCfg = Debug|Any CPU
		{27234190-4456-4D6E-9D15-23AA4BF0938B}.Debug|Any CPU.Build.0 = Debug|Any CPU
		{27234190-4456-4D6E-9D15-23AA4BF0938B}.Release|Any CPU.ActiveCfg = Release|Any CPU
		{27234190-4456-4D6E-9D15-23AA4BF0938B}.Release|Any CPU.Build.0 = Release|Any CPU
		{36D82B82-BE48-47B4-AEED-93C6352E6118}.Debug|Any CPU.ActiveCfg = Debug|Any CPU
		{36D82B82-BE48-47B4-AEED-93C6352E6118}.Debug|Any CPU.Build.0 = Debug|Any CPU
		{36D82B82-BE48-47B4-AEED-93C6352E6118}.Release|Any CPU.ActiveCfg = Release|Any CPU
		{36D82B82-BE48-47B4-AEED-93C6352E6118}.Release|Any CPU.Build.0 = Release|Any CPU
		{3D7201F4-D9F3-4CD6-9F80-0DEF4DCA0975}.Debug|Any CPU.ActiveCfg = Debug|Any CPU
		{3D7201F4-D9F3-4CD6-9F80-0DEF4DCA0975}.Debug|Any CPU.Build.0 = Debug|Any CPU
		{3D7201F4-D9F3-4CD6-9F80-0DEF4DCA0975}.Release|Any CPU.ActiveCfg = Release|Any CPU
		{3D7201F4-D9F3-4CD6-9F80-0DEF4DCA0975}.Release|Any CPU.Build.0 = Release|Any CPU
		{D0CC9332-E855-4C5B-9B7D-950DEC1C2195}.Debug|Any CPU.ActiveCfg = Debug|Any CPU
		{D0CC9332-E855-4C5B-9B7D-950DEC1C2195}.Debug|Any CPU.Build.0 = Debug|Any CPU
		{D0CC9332-E855-4C5B-9B7D-950DEC1C2195}.Release|Any CPU.ActiveCfg = Release|Any CPU
		{D0CC9332-E855-4C5B-9B7D-950DEC1C2195}.Release|Any CPU.Build.0 = Release|Any CPU
		{BC83DA97-4D95-433E-B5BA-91520C41295D}.Debug|Any CPU.ActiveCfg = Debug|Any CPU
		{BC83DA97-4D95-433E-B5BA-91520C41295D}.Debug|Any CPU.Build.0 = Debug|Any CPU
		{BC83DA97-4D95-433E-B5BA-91520C41295D}.Release|Any CPU.ActiveCfg = Release|Any CPU
		{BC83DA97-4D95-433E-B5BA-91520C41295D}.Release|Any CPU.Build.0 = Release|Any CPU
		{E038A5F6-922F-4E99-984C-6A6BF1E85814}.Debug|Any CPU.ActiveCfg = Debug|Any CPU
		{E038A5F6-922F-4E99-984C-6A6BF1E85814}.Debug|Any CPU.Build.0 = Debug|Any CPU
		{E038A5F6-922F-4E99-984C-6A6BF1E85814}.Release|Any CPU.ActiveCfg = Release|Any CPU
		{E038A5F6-922F-4E99-984C-6A6BF1E85814}.Release|Any CPU.Build.0 = Release|Any CPU
		{E3063C7E-27B6-40B5-AD1F-DAF5D12E7604}.Debug|Any CPU.ActiveCfg = Debug|Any CPU
		{E3063C7E-27B6-40B5-AD1F-DAF5D12E7604}.Debug|Any CPU.Build.0 = Debug|Any CPU
		{E3063C7E-27B6-40B5-AD1F-DAF5D12E7604}.Release|Any CPU.ActiveCfg = Release|Any CPU
		{E3063C7E-27B6-40B5-AD1F-DAF5D12E7604}.Release|Any CPU.Build.0 = Release|Any CPU
		{308A0C7B-B63D-44A5-9EFB-7E2D194D1AE5}.Debug|Any CPU.ActiveCfg = Debug|Any CPU
		{308A0C7B-B63D-44A5-9EFB-7E2D194D1AE5}.Debug|Any CPU.Build.0 = Debug|Any CPU
		{308A0C7B-B63D-44A5-9EFB-7E2D194D1AE5}.Release|Any CPU.ActiveCfg = Release|Any CPU
		{308A0C7B-B63D-44A5-9EFB-7E2D194D1AE5}.Release|Any CPU.Build.0 = Release|Any CPU
		{694E2224-7624-4076-9915-2F4C4A2680F9}.Debug|Any CPU.ActiveCfg = Debug|Any CPU
		{694E2224-7624-4076-9915-2F4C4A2680F9}.Debug|Any CPU.Build.0 = Debug|Any CPU
		{694E2224-7624-4076-9915-2F4C4A2680F9}.Release|Any CPU.ActiveCfg = Release|Any CPU
		{694E2224-7624-4076-9915-2F4C4A2680F9}.Release|Any CPU.Build.0 = Release|Any CPU
		{C5F3D7DF-39B5-405C-8F0C-AF3608A2CFC0}.Debug|Any CPU.ActiveCfg = Debug|Any CPU
		{C5F3D7DF-39B5-405C-8F0C-AF3608A2CFC0}.Debug|Any CPU.Build.0 = Debug|Any CPU
		{C5F3D7DF-39B5-405C-8F0C-AF3608A2CFC0}.Release|Any CPU.ActiveCfg = Release|Any CPU
		{C5F3D7DF-39B5-405C-8F0C-AF3608A2CFC0}.Release|Any CPU.Build.0 = Release|Any CPU
		{E5C9A785-DD45-42DF-91EF-9E062503B83F}.Debug|Any CPU.ActiveCfg = Debug|Any CPU
		{E5C9A785-DD45-42DF-91EF-9E062503B83F}.Debug|Any CPU.Build.0 = Debug|Any CPU
		{E5C9A785-DD45-42DF-91EF-9E062503B83F}.Release|Any CPU.ActiveCfg = Release|Any CPU
		{E5C9A785-DD45-42DF-91EF-9E062503B83F}.Release|Any CPU.Build.0 = Release|Any CPU
		{1573C6E2-547E-423F-9568-AD1B5ADDFA04}.Debug|Any CPU.ActiveCfg = Debug|Any CPU
		{1573C6E2-547E-423F-9568-AD1B5ADDFA04}.Debug|Any CPU.Build.0 = Debug|Any CPU
		{1573C6E2-547E-423F-9568-AD1B5ADDFA04}.Release|Any CPU.ActiveCfg = Release|Any CPU
		{1573C6E2-547E-423F-9568-AD1B5ADDFA04}.Release|Any CPU.Build.0 = Release|Any CPU
		{977BB133-9DD6-4D2A-9201-A355FD7F881A}.Debug|Any CPU.ActiveCfg = Debug|Any CPU
		{977BB133-9DD6-4D2A-9201-A355FD7F881A}.Debug|Any CPU.Build.0 = Debug|Any CPU
		{977BB133-9DD6-4D2A-9201-A355FD7F881A}.Release|Any CPU.ActiveCfg = Release|Any CPU
		{977BB133-9DD6-4D2A-9201-A355FD7F881A}.Release|Any CPU.Build.0 = Release|Any CPU
		{67761240-C0C0-423A-BEE3-36F482EA6010}.Debug|Any CPU.ActiveCfg = Debug|Any CPU
		{67761240-C0C0-423A-BEE3-36F482EA6010}.Debug|Any CPU.Build.0 = Debug|Any CPU
		{67761240-C0C0-423A-BEE3-36F482EA6010}.Release|Any CPU.ActiveCfg = Release|Any CPU
		{67761240-C0C0-423A-BEE3-36F482EA6010}.Release|Any CPU.Build.0 = Release|Any CPU
		{79CA97EC-4734-4329-9760-730033165FE9}.Debug|Any CPU.ActiveCfg = Debug|Any CPU
		{79CA97EC-4734-4329-9760-730033165FE9}.Debug|Any CPU.Build.0 = Debug|Any CPU
		{79CA97EC-4734-4329-9760-730033165FE9}.Release|Any CPU.ActiveCfg = Release|Any CPU
		{79CA97EC-4734-4329-9760-730033165FE9}.Release|Any CPU.Build.0 = Release|Any CPU
		{C84500CD-253C-4AEE-BEB4-A99AFF3C7EBE}.Debug|Any CPU.ActiveCfg = Debug|Any CPU
		{C84500CD-253C-4AEE-BEB4-A99AFF3C7EBE}.Debug|Any CPU.Build.0 = Debug|Any CPU
		{C84500CD-253C-4AEE-BEB4-A99AFF3C7EBE}.Release|Any CPU.ActiveCfg = Release|Any CPU
		{C84500CD-253C-4AEE-BEB4-A99AFF3C7EBE}.Release|Any CPU.Build.0 = Release|Any CPU
		{2A46C903-015C-4FF9-AAC2-F90620371F69}.Debug|Any CPU.ActiveCfg = Debug|Any CPU
		{2A46C903-015C-4FF9-AAC2-F90620371F69}.Debug|Any CPU.Build.0 = Debug|Any CPU
		{2A46C903-015C-4FF9-AAC2-F90620371F69}.Release|Any CPU.ActiveCfg = Release|Any CPU
		{2A46C903-015C-4FF9-AAC2-F90620371F69}.Release|Any CPU.Build.0 = Release|Any CPU
		{DE2F65CC-94F7-4C12-9709-7693D3CDA7E8}.Debug|Any CPU.ActiveCfg = Debug|Any CPU
		{DE2F65CC-94F7-4C12-9709-7693D3CDA7E8}.Debug|Any CPU.Build.0 = Debug|Any CPU
		{DE2F65CC-94F7-4C12-9709-7693D3CDA7E8}.Release|Any CPU.ActiveCfg = Release|Any CPU
		{DE2F65CC-94F7-4C12-9709-7693D3CDA7E8}.Release|Any CPU.Build.0 = Release|Any CPU
		{8BEEDE9D-C112-48E2-8A2C-764E8BD0953D}.Debug|Any CPU.ActiveCfg = Debug|Any CPU
		{8BEEDE9D-C112-48E2-8A2C-764E8BD0953D}.Debug|Any CPU.Build.0 = Debug|Any CPU
		{8BEEDE9D-C112-48E2-8A2C-764E8BD0953D}.Release|Any CPU.ActiveCfg = Release|Any CPU
		{8BEEDE9D-C112-48E2-8A2C-764E8BD0953D}.Release|Any CPU.Build.0 = Release|Any CPU
		{097784B5-C75B-45BE-8595-53C2F425FB70}.Debug|Any CPU.ActiveCfg = Debug|Any CPU
		{097784B5-C75B-45BE-8595-53C2F425FB70}.Debug|Any CPU.Build.0 = Debug|Any CPU
		{097784B5-C75B-45BE-8595-53C2F425FB70}.Release|Any CPU.ActiveCfg = Release|Any CPU
		{097784B5-C75B-45BE-8595-53C2F425FB70}.Release|Any CPU.Build.0 = Release|Any CPU
		{6AFE9C7C-BE08-4482-8248-A914B919255F}.Debug|Any CPU.ActiveCfg = Debug|Any CPU
		{6AFE9C7C-BE08-4482-8248-A914B919255F}.Debug|Any CPU.Build.0 = Debug|Any CPU
		{6AFE9C7C-BE08-4482-8248-A914B919255F}.Release|Any CPU.ActiveCfg = Release|Any CPU
		{6AFE9C7C-BE08-4482-8248-A914B919255F}.Release|Any CPU.Build.0 = Release|Any CPU
		{DE4E89DF-DC37-4E25-AB02-FD824D5CC2BA}.Debug|Any CPU.ActiveCfg = Debug|Any CPU
		{DE4E89DF-DC37-4E25-AB02-FD824D5CC2BA}.Debug|Any CPU.Build.0 = Debug|Any CPU
		{DE4E89DF-DC37-4E25-AB02-FD824D5CC2BA}.Release|Any CPU.ActiveCfg = Release|Any CPU
		{DE4E89DF-DC37-4E25-AB02-FD824D5CC2BA}.Release|Any CPU.Build.0 = Release|Any CPU
		{62D5016D-CBAC-4143-9A98-427ABE4C9A97}.Debug|Any CPU.ActiveCfg = Debug|Any CPU
		{62D5016D-CBAC-4143-9A98-427ABE4C9A97}.Debug|Any CPU.Build.0 = Debug|Any CPU
		{62D5016D-CBAC-4143-9A98-427ABE4C9A97}.Release|Any CPU.ActiveCfg = Release|Any CPU
		{62D5016D-CBAC-4143-9A98-427ABE4C9A97}.Release|Any CPU.Build.0 = Release|Any CPU
	EndGlobalSection
	GlobalSection(SolutionProperties) = preSolution
		HideSolutionNode = FALSE
	EndGlobalSection
	GlobalSection(NestedProjects) = preSolution
		{BC83DA97-4D95-433E-B5BA-91520C41295D} = {56735CAF-8BFA-4742-A3BF-7B14EE63244E}
		{E038A5F6-922F-4E99-984C-6A6BF1E85814} = {56735CAF-8BFA-4742-A3BF-7B14EE63244E}
		{E3063C7E-27B6-40B5-AD1F-DAF5D12E7604} = {56735CAF-8BFA-4742-A3BF-7B14EE63244E}
		{308A0C7B-B63D-44A5-9EFB-7E2D194D1AE5} = {56735CAF-8BFA-4742-A3BF-7B14EE63244E}
		{C5F3D7DF-39B5-405C-8F0C-AF3608A2CFC0} = {56735CAF-8BFA-4742-A3BF-7B14EE63244E}
		{E5C9A785-DD45-42DF-91EF-9E062503B83F} = {56735CAF-8BFA-4742-A3BF-7B14EE63244E}
		{1573C6E2-547E-423F-9568-AD1B5ADDFA04} = {7FAF6FC9-6A3D-4574-AED8-0C46C909B5DB}
		{977BB133-9DD6-4D2A-9201-A355FD7F881A} = {7FAF6FC9-6A3D-4574-AED8-0C46C909B5DB}
		{67761240-C0C0-423A-BEE3-36F482EA6010} = {7FAF6FC9-6A3D-4574-AED8-0C46C909B5DB}
		{79CA97EC-4734-4329-9760-730033165FE9} = {7FAF6FC9-6A3D-4574-AED8-0C46C909B5DB}
		{C84500CD-253C-4AEE-BEB4-A99AFF3C7EBE} = {7FAF6FC9-6A3D-4574-AED8-0C46C909B5DB}
		{2A46C903-015C-4FF9-AAC2-F90620371F69} = {7FAF6FC9-6A3D-4574-AED8-0C46C909B5DB}
		{DE2F65CC-94F7-4C12-9709-7693D3CDA7E8} = {56735CAF-8BFA-4742-A3BF-7B14EE63244E}
		{8BEEDE9D-C112-48E2-8A2C-764E8BD0953D} = {7FAF6FC9-6A3D-4574-AED8-0C46C909B5DB}
		{097784B5-C75B-45BE-8595-53C2F425FB70} = {56735CAF-8BFA-4742-A3BF-7B14EE63244E}
		{6AFE9C7C-BE08-4482-8248-A914B919255F} = {7FAF6FC9-6A3D-4574-AED8-0C46C909B5DB}
		{DE4E89DF-DC37-4E25-AB02-FD824D5CC2BA} = {7FAF6FC9-6A3D-4574-AED8-0C46C909B5DB}
		{62D5016D-CBAC-4143-9A98-427ABE4C9A97} = {7FAF6FC9-6A3D-4574-AED8-0C46C909B5DB}
	EndGlobalSection
	GlobalSection(ExtensibilityGlobals) = postSolution
		SolutionGuid = {65C86BF8-0679-41FC-8BF4-5D9B39D24F26}
	EndGlobalSection
EndGlobal
